
Microsoft Visual Studio Solution File, Format Version 12.00
# Visual Studio Version 16
VisualStudioVersion = 16.0.29424.173
MinimumVisualStudioVersion = 10.0.40219.1
Project("{FAE04EC0-301F-11D3-BF4B-00C04F79EFBC}") = "Main Correo", "Main Correo.csproj", "{20A2E62F-05A8-4CDD-B26F-E78425092AF4}"
EndProject
Project("{FAE04EC0-301F-11D3-BF4B-00C04F79EFBC}") = "Entidades", "..\Entidades\Entidades.csproj", "{D24C4D8E-D665-4925-8DDA-36E1F84E304E}"
EndProject
Project("{FAE04EC0-301F-11D3-BF4B-00C04F79EFBC}") = "Test unitarios", "..\Test unitarios\Test unitarios.csproj", "{DE68ABE0-941C-436D-872A-ACA4B8ABB3CA}"
EndProject
Global
	GlobalSection(SolutionConfigurationPlatforms) = preSolution
		Debug|Any CPU = Debug|Any CPU
		Release|Any CPU = Release|Any CPU
	EndGlobalSection
	GlobalSection(ProjectConfigurationPlatforms) = postSolution
		{20A2E62F-05A8-4CDD-B26F-E78425092AF4}.Debug|Any CPU.ActiveCfg = Debug|Any CPU
		{20A2E62F-05A8-4CDD-B26F-E78425092AF4}.Debug|Any CPU.Build.0 = Debug|Any CPU
		{20A2E62F-05A8-4CDD-B26F-E78425092AF4}.Release|Any CPU.ActiveCfg = Release|Any CPU
		{20A2E62F-05A8-4CDD-B26F-E78425092AF4}.Release|Any CPU.Build.0 = Release|Any CPU
		{D24C4D8E-D665-4925-8DDA-36E1F84E304E}.Debug|Any CPU.ActiveCfg = Debug|Any CPU
		{D24C4D8E-D665-4925-8DDA-36E1F84E304E}.Debug|Any CPU.Build.0 = Debug|Any CPU
		{D24C4D8E-D665-4925-8DDA-36E1F84E304E}.Release|Any CPU.ActiveCfg = Release|Any CPU
		{D24C4D8E-D665-4925-8DDA-36E1F84E304E}.Release|Any CPU.Build.0 = Release|Any CPU
		{DE68ABE0-941C-436D-872A-ACA4B8ABB3CA}.Debug|Any CPU.ActiveCfg = Debug|Any CPU
		{DE68ABE0-941C-436D-872A-ACA4B8ABB3CA}.Debug|Any CPU.Build.0 = Debug|Any CPU
		{DE68ABE0-941C-436D-872A-ACA4B8ABB3CA}.Release|Any CPU.ActiveCfg = Release|Any CPU
		{DE68ABE0-941C-436D-872A-ACA4B8ABB3CA}.Release|Any CPU.Build.0 = Release|Any CPU
	EndGlobalSection
	GlobalSection(SolutionProperties) = preSolution
		HideSolutionNode = FALSE
	EndGlobalSection
	GlobalSection(ExtensibilityGlobals) = postSolution
		SolutionGuid = {F7442872-80B8-4287-81C0-F29FE1B0F152}
	EndGlobalSection
EndGlobal
